// !$*UTF8*$!
{
	archiveVersion = 1;
	classes = {
	};
	objectVersion = 55;
	objects = {

/* Begin PBXBuildFile section */
		EC1F78CF28B7683900770637 /* CardView.swift in Sources */ = {isa = PBXBuildFile; fileRef = EC1F78CE28B7683900770637 /* CardView.swift */; };
		EC5CE55528AF7C40000970A1 /* Player.swift in Sources */ = {isa = PBXBuildFile; fileRef = EC5CE55428AF7C40000970A1 /* Player.swift */; };
		EC5CE55728AF7E5F000970A1 /* GameDetails.swift in Sources */ = {isa = PBXBuildFile; fileRef = EC5CE55628AF7E5F000970A1 /* GameDetails.swift */; };
		EC5CE55928AF81D3000970A1 /* GameRules.swift in Sources */ = {isa = PBXBuildFile; fileRef = EC5CE55828AF81D3000970A1 /* GameRules.swift */; };
		EC5CE55B28AF8322000970A1 /* RulesDetails.swift in Sources */ = {isa = PBXBuildFile; fileRef = EC5CE55A28AF8322000970A1 /* RulesDetails.swift */; };
		EC76C5EE28AC8467004BE280 /* Assignment_2_Card_GameApp.swift in Sources */ = {isa = PBXBuildFile; fileRef = EC76C5ED28AC8467004BE280 /* Assignment_2_Card_GameApp.swift */; };
		EC76C5F028AC8467004BE280 /* ContentView.swift in Sources */ = {isa = PBXBuildFile; fileRef = EC76C5EF28AC8467004BE280 /* ContentView.swift */; };
		EC76C5F228AC8468004BE280 /* Assets.xcassets in Resources */ = {isa = PBXBuildFile; fileRef = EC76C5F128AC8468004BE280 /* Assets.xcassets */; };
		EC76C5F528AC8468004BE280 /* Preview Assets.xcassets in Resources */ = {isa = PBXBuildFile; fileRef = EC76C5F428AC8468004BE280 /* Preview Assets.xcassets */; };
		EC76C5FE28AC85CA004BE280 /* CardDetails.swift in Sources */ = {isa = PBXBuildFile; fileRef = EC76C5FD28AC85CA004BE280 /* CardDetails.swift */; };
		EC76C60028AC8C8A004BE280 /* CardList.swift in Sources */ = {isa = PBXBuildFile; fileRef = EC76C5FF28AC8C8A004BE280 /* CardList.swift */; };
		EC76C60228AC985E004BE280 /* GameView.swift in Sources */ = {isa = PBXBuildFile; fileRef = EC76C60128AC985E004BE280 /* GameView.swift */; };
		EC76C60428AC986D004BE280 /* MenuView.swift in Sources */ = {isa = PBXBuildFile; fileRef = EC76C60328AC986D004BE280 /* MenuView.swift */; };
		EC76C60628AC987F004BE280 /* LeaderboardView.swift in Sources */ = {isa = PBXBuildFile; fileRef = EC76C60528AC987F004BE280 /* LeaderboardView.swift */; };
		EC76C60828AC988E004BE280 /* HowToPlayView.swift in Sources */ = {isa = PBXBuildFile; fileRef = EC76C60728AC988E004BE280 /* HowToPlayView.swift */; };
		EC8185D328B8CA0400115B09 /* Deck.swift in Sources */ = {isa = PBXBuildFile; fileRef = EC8185D228B8CA0400115B09 /* Deck.swift */; };
/* End PBXBuildFile section */

/* Begin PBXFileReference section */
		EC1F78CE28B7683900770637 /* CardView.swift */ = {isa = PBXFileReference; lastKnownFileType = sourcecode.swift; path = CardView.swift; sourceTree = "<group>"; };
		EC5CE55428AF7C40000970A1 /* Player.swift */ = {isa = PBXFileReference; lastKnownFileType = sourcecode.swift; path = Player.swift; sourceTree = "<group>"; };
		EC5CE55628AF7E5F000970A1 /* GameDetails.swift */ = {isa = PBXFileReference; lastKnownFileType = sourcecode.swift; path = GameDetails.swift; sourceTree = "<group>"; };
		EC5CE55828AF81D3000970A1 /* GameRules.swift */ = {isa = PBXFileReference; lastKnownFileType = sourcecode.swift; path = GameRules.swift; sourceTree = "<group>"; };
		EC5CE55A28AF8322000970A1 /* RulesDetails.swift */ = {isa = PBXFileReference; lastKnownFileType = sourcecode.swift; path = RulesDetails.swift; sourceTree = "<group>"; };
		EC76C5EA28AC8467004BE280 /* Assignment_2_Card_Game.app */ = {isa = PBXFileReference; explicitFileType = wrapper.application; includeInIndex = 0; path = Assignment_2_Card_Game.app; sourceTree = BUILT_PRODUCTS_DIR; };
		EC76C5ED28AC8467004BE280 /* Assignment_2_Card_GameApp.swift */ = {isa = PBXFileReference; lastKnownFileType = sourcecode.swift; path = Assignment_2_Card_GameApp.swift; sourceTree = "<group>"; };
		EC76C5EF28AC8467004BE280 /* ContentView.swift */ = {isa = PBXFileReference; lastKnownFileType = sourcecode.swift; path = ContentView.swift; sourceTree = "<group>"; };
		EC76C5F128AC8468004BE280 /* Assets.xcassets */ = {isa = PBXFileReference; lastKnownFileType = folder.assetcatalog; path = Assets.xcassets; sourceTree = "<group>"; };
		EC76C5F428AC8468004BE280 /* Preview Assets.xcassets */ = {isa = PBXFileReference; lastKnownFileType = folder.assetcatalog; path = "Preview Assets.xcassets"; sourceTree = "<group>"; };
		EC76C5FD28AC85CA004BE280 /* CardDetails.swift */ = {isa = PBXFileReference; lastKnownFileType = sourcecode.swift; path = CardDetails.swift; sourceTree = "<group>"; };
		EC76C5FF28AC8C8A004BE280 /* CardList.swift */ = {isa = PBXFileReference; lastKnownFileType = sourcecode.swift; path = CardList.swift; sourceTree = "<group>"; };
		EC76C60128AC985E004BE280 /* GameView.swift */ = {isa = PBXFileReference; lastKnownFileType = sourcecode.swift; path = GameView.swift; sourceTree = "<group>"; };
		EC76C60328AC986D004BE280 /* MenuView.swift */ = {isa = PBXFileReference; lastKnownFileType = sourcecode.swift; path = MenuView.swift; sourceTree = "<group>"; };
		EC76C60528AC987F004BE280 /* LeaderboardView.swift */ = {isa = PBXFileReference; lastKnownFileType = sourcecode.swift; path = LeaderboardView.swift; sourceTree = "<group>"; };
		EC76C60728AC988E004BE280 /* HowToPlayView.swift */ = {isa = PBXFileReference; lastKnownFileType = sourcecode.swift; path = HowToPlayView.swift; sourceTree = "<group>"; };
		EC8185D228B8CA0400115B09 /* Deck.swift */ = {isa = PBXFileReference; lastKnownFileType = sourcecode.swift; path = Deck.swift; sourceTree = "<group>"; };
/* End PBXFileReference section */

/* Begin PBXFrameworksBuildPhase section */
		EC76C5E728AC8467004BE280 /* Frameworks */ = {
			isa = PBXFrameworksBuildPhase;
			buildActionMask = 2147483647;
			files = (
			);
			runOnlyForDeploymentPostprocessing = 0;
		};
/* End PBXFrameworksBuildPhase section */

/* Begin PBXGroup section */
		EC76C5E128AC8467004BE280 = {
			isa = PBXGroup;
			children = (
				EC76C5EC28AC8467004BE280 /* Assignment_2_Card_Game */,
				EC76C5EB28AC8467004BE280 /* Products */,
			);
			sourceTree = "<group>";
		};
		EC76C5EB28AC8467004BE280 /* Products */ = {
			isa = PBXGroup;
			children = (
				EC76C5EA28AC8467004BE280 /* Assignment_2_Card_Game.app */,
			);
			name = Products;
			sourceTree = "<group>";
		};
		EC76C5EC28AC8467004BE280 /* Assignment_2_Card_Game */ = {
			isa = PBXGroup;
			children = (
				EC76C5FC28AC8573004BE280 /* Model */,
				EC76C5FB28AC8567004BE280 /* View */,
				EC76C5ED28AC8467004BE280 /* Assignment_2_Card_GameApp.swift */,
				EC76C5EF28AC8467004BE280 /* ContentView.swift */,
				EC76C5F128AC8468004BE280 /* Assets.xcassets */,
				EC76C5F328AC8468004BE280 /* Preview Content */,
			);
			path = Assignment_2_Card_Game;
			sourceTree = "<group>";
		};
		EC76C5F328AC8468004BE280 /* Preview Content */ = {
			isa = PBXGroup;
			children = (
				EC76C5F428AC8468004BE280 /* Preview Assets.xcassets */,
			);
			path = "Preview Content";
			sourceTree = "<group>";
		};
		EC76C5FB28AC8567004BE280 /* View */ = {
			isa = PBXGroup;
			children = (
				EC76C60128AC985E004BE280 /* GameView.swift */,
				EC76C60328AC986D004BE280 /* MenuView.swift */,
				EC76C60528AC987F004BE280 /* LeaderboardView.swift */,
				EC76C60728AC988E004BE280 /* HowToPlayView.swift */,
				EC1F78CE28B7683900770637 /* CardView.swift */,
			);
			path = View;
			sourceTree = "<group>";
		};
		EC76C5FC28AC8573004BE280 /* Model */ = {
			isa = PBXGroup;
			children = (
				EC76C5FD28AC85CA004BE280 /* CardDetails.swift */,
				EC76C5FF28AC8C8A004BE280 /* CardList.swift */,
				EC5CE55428AF7C40000970A1 /* Player.swift */,
				EC5CE55628AF7E5F000970A1 /* GameDetails.swift */,
				EC5CE55828AF81D3000970A1 /* GameRules.swift */,
				EC5CE55A28AF8322000970A1 /* RulesDetails.swift */,
				EC8185D228B8CA0400115B09 /* Deck.swift */,
			);
			path = Model;
			sourceTree = "<group>";
		};
/* End PBXGroup section */

/* Begin PBXNativeTarget section */
		EC76C5E928AC8467004BE280 /* Assignment_2_Card_Game */ = {
			isa = PBXNativeTarget;
			buildConfigurationList = EC76C5F828AC8468004BE280 /* Build configuration list for PBXNativeTarget "Assignment_2_Card_Game" */;
			buildPhases = (
				EC76C5E628AC8467004BE280 /* Sources */,
				EC76C5E728AC8467004BE280 /* Frameworks */,
				EC76C5E828AC8467004BE280 /* Resources */,
			);
			buildRules = (
			);
			dependencies = (
			);
			name = Assignment_2_Card_Game;
			productName = Assignment_2_Card_Game;
			productReference = EC76C5EA28AC8467004BE280 /* Assignment_2_Card_Game.app */;
			productType = "com.apple.product-type.application";
		};
/* End PBXNativeTarget section */

/* Begin PBXProject section */
		EC76C5E228AC8467004BE280 /* Project object */ = {
			isa = PBXProject;
			attributes = {
				BuildIndependentTargetsInParallel = 1;
				LastSwiftUpdateCheck = 1340;
				LastUpgradeCheck = 1340;
				TargetAttributes = {
					EC76C5E928AC8467004BE280 = {
						CreatedOnToolsVersion = 13.4.1;
					};
				};
			};
			buildConfigurationList = EC76C5E528AC8467004BE280 /* Build configuration list for PBXProject "Assignment_2_Card_Game" */;
			compatibilityVersion = "Xcode 13.0";
			developmentRegion = en;
			hasScannedForEncodings = 0;
			knownRegions = (
				en,
				Base,
			);
			mainGroup = EC76C5E128AC8467004BE280;
			productRefGroup = EC76C5EB28AC8467004BE280 /* Products */;
			projectDirPath = "";
			projectRoot = "";
			targets = (
				EC76C5E928AC8467004BE280 /* Assignment_2_Card_Game */,
			);
		};
/* End PBXProject section */

/* Begin PBXResourcesBuildPhase section */
		EC76C5E828AC8467004BE280 /* Resources */ = {
			isa = PBXResourcesBuildPhase;
			buildActionMask = 2147483647;
			files = (
				EC76C5F528AC8468004BE280 /* Preview Assets.xcassets in Resources */,
				EC76C5F228AC8468004BE280 /* Assets.xcassets in Resources */,
			);
			runOnlyForDeploymentPostprocessing = 0;
		};
/* End PBXResourcesBuildPhase section */

/* Begin PBXSourcesBuildPhase section */
		EC76C5E628AC8467004BE280 /* Sources */ = {
			isa = PBXSourcesBuildPhase;
			buildActionMask = 2147483647;
			files = (
				EC5CE55728AF7E5F000970A1 /* GameDetails.swift in Sources */,
				EC76C60828AC988E004BE280 /* HowToPlayView.swift in Sources */,
				EC5CE55B28AF8322000970A1 /* RulesDetails.swift in Sources */,
				EC76C5F028AC8467004BE280 /* ContentView.swift in Sources */,
				EC8185D328B8CA0400115B09 /* Deck.swift in Sources */,
				EC76C60428AC986D004BE280 /* MenuView.swift in Sources */,
				EC5CE55528AF7C40000970A1 /* Player.swift in Sources */,
				EC76C5EE28AC8467004BE280 /* Assignment_2_Card_GameApp.swift in Sources */,
				EC1F78CF28B7683900770637 /* CardView.swift in Sources */,
				EC5CE55928AF81D3000970A1 /* GameRules.swift in Sources */,
				EC76C60628AC987F004BE280 /* LeaderboardView.swift in Sources */,
				EC76C60028AC8C8A004BE280 /* CardList.swift in Sources */,
				EC76C5FE28AC85CA004BE280 /* CardDetails.swift in Sources */,
				EC76C60228AC985E004BE280 /* GameView.swift in Sources */,
			);
			runOnlyForDeploymentPostprocessing = 0;
		};
/* End PBXSourcesBuildPhase section */

/* Begin XCBuildConfiguration section */
		EC76C5F628AC8468004BE280 /* Debug */ = {
			isa = XCBuildConfiguration;
			buildSettings = {
				ALWAYS_SEARCH_USER_PATHS = NO;
				CLANG_ANALYZER_NONNULL = YES;
				CLANG_ANALYZER_NUMBER_OBJECT_CONVERSION = YES_AGGRESSIVE;
				CLANG_CXX_LANGUAGE_STANDARD = "gnu++17";
				CLANG_ENABLE_MODULES = YES;
				CLANG_ENABLE_OBJC_ARC = YES;
				CLANG_ENABLE_OBJC_WEAK = YES;
				CLANG_WARN_BLOCK_CAPTURE_AUTORELEASING = YES;
				CLANG_WARN_BOOL_CONVERSION = YES;
				CLANG_WARN_COMMA = YES;
				CLANG_WARN_CONSTANT_CONVERSION = YES;
				CLANG_WARN_DEPRECATED_OBJC_IMPLEMENTATIONS = YES;
				CLANG_WARN_DIRECT_OBJC_ISA_USAGE = YES_ERROR;
				CLANG_WARN_DOCUMENTATION_COMMENTS = YES;
				CLANG_WARN_EMPTY_BODY = YES;
				CLANG_WARN_ENUM_CONVERSION = YES;
				CLANG_WARN_INFINITE_RECURSION = YES;
				CLANG_WARN_INT_CONVERSION = YES;
				CLANG_WARN_NON_LITERAL_NULL_CONVERSION = YES;
				CLANG_WARN_OBJC_IMPLICIT_RETAIN_SELF = YES;
				CLANG_WARN_OBJC_LITERAL_CONVERSION = YES;
				CLANG_WARN_OBJC_ROOT_CLASS = YES_ERROR;
				CLANG_WARN_QUOTED_INCLUDE_IN_FRAMEWORK_HEADER = YES;
				CLANG_WARN_RANGE_LOOP_ANALYSIS = YES;
				CLANG_WARN_STRICT_PROTOTYPES = YES;
				CLANG_WARN_SUSPICIOUS_MOVE = YES;
				CLANG_WARN_UNGUARDED_AVAILABILITY = YES_AGGRESSIVE;
				CLANG_WARN_UNREACHABLE_CODE = YES;
				CLANG_WARN__DUPLICATE_METHOD_MATCH = YES;
				COPY_PHASE_STRIP = NO;
				DEBUG_INFORMATION_FORMAT = dwarf;
				ENABLE_STRICT_OBJC_MSGSEND = YES;
				ENABLE_TESTABILITY = YES;
				GCC_C_LANGUAGE_STANDARD = gnu11;
				GCC_DYNAMIC_NO_PIC = NO;
				GCC_NO_COMMON_BLOCKS = YES;
				GCC_OPTIMIZATION_LEVEL = 0;
				GCC_PREPROCESSOR_DEFINITIONS = (
					"DEBUG=1",
					"$(inherited)",
				);
				GCC_WARN_64_TO_32_BIT_CONVERSION = YES;
				GCC_WARN_ABOUT_RETURN_TYPE = YES_ERROR;
				GCC_WARN_UNDECLARED_SELECTOR = YES;
				GCC_WARN_UNINITIALIZED_AUTOS = YES_AGGRESSIVE;
				GCC_WARN_UNUSED_FUNCTION = YES;
				GCC_WARN_UNUSED_VARIABLE = YES;
				IPHONEOS_DEPLOYMENT_TARGET = 15.5;
				MTL_ENABLE_DEBUG_INFO = INCLUDE_SOURCE;
				MTL_FAST_MATH = YES;
				ONLY_ACTIVE_ARCH = YES;
				SDKROOT = iphoneos;
				SWIFT_ACTIVE_COMPILATION_CONDITIONS = DEBUG;
				SWIFT_OPTIMIZATION_LEVEL = "-Onone";
			};
			name = Debug;
		};
		EC76C5F728AC8468004BE280 /* Release */ = {
			isa = XCBuildConfiguration;
			buildSettings = {
				ALWAYS_SEARCH_USER_PATHS = NO;
				CLANG_ANALYZER_NONNULL = YES;
				CLANG_ANALYZER_NUMBER_OBJECT_CONVERSION = YES_AGGRESSIVE;
				CLANG_CXX_LANGUAGE_STANDARD = "gnu++17";
				CLANG_ENABLE_MODULES = YES;
				CLANG_ENABLE_OBJC_ARC = YES;
				CLANG_ENABLE_OBJC_WEAK = YES;
				CLANG_WARN_BLOCK_CAPTURE_AUTORELEASING = YES;
				CLANG_WARN_BOOL_CONVERSION = YES;
				CLANG_WARN_COMMA = YES;
				CLANG_WARN_CONSTANT_CONVERSION = YES;
				CLANG_WARN_DEPRECATED_OBJC_IMPLEMENTATIONS = YES;
				CLANG_WARN_DIRECT_OBJC_ISA_USAGE = YES_ERROR;
				CLANG_WARN_DOCUMENTATION_COMMENTS = YES;
				CLANG_WARN_EMPTY_BODY = YES;
				CLANG_WARN_ENUM_CONVERSION = YES;
				CLANG_WARN_INFINITE_RECURSION = YES;
				CLANG_WARN_INT_CONVERSION = YES;
				CLANG_WARN_NON_LITERAL_NULL_CONVERSION = YES;
				CLANG_WARN_OBJC_IMPLICIT_RETAIN_SELF = YES;
				CLANG_WARN_OBJC_LITERAL_CONVERSION = YES;
				CLANG_WARN_OBJC_ROOT_CLASS = YES_ERROR;
				CLANG_WARN_QUOTED_INCLUDE_IN_FRAMEWORK_HEADER = YES;
				CLANG_WARN_RANGE_LOOP_ANALYSIS = YES;
				CLANG_WARN_STRICT_PROTOTYPES = YES;
				CLANG_WARN_SUSPICIOUS_MOVE = YES;
				CLANG_WARN_UNGUARDED_AVAILABILITY = YES_AGGRESSIVE;
				CLANG_WARN_UNREACHABLE_CODE = YES;
				CLANG_WARN__DUPLICATE_METHOD_MATCH = YES;
				COPY_PHASE_STRIP = NO;
				DEBUG_INFORMATION_FORMAT = "dwarf-with-dsym";
				ENABLE_NS_ASSERTIONS = NO;
				ENABLE_STRICT_OBJC_MSGSEND = YES;
				GCC_C_LANGUAGE_STANDARD = gnu11;
				GCC_NO_COMMON_BLOCKS = YES;
				GCC_WARN_64_TO_32_BIT_CONVERSION = YES;
				GCC_WARN_ABOUT_RETURN_TYPE = YES_ERROR;
				GCC_WARN_UNDECLARED_SELECTOR = YES;
				GCC_WARN_UNINITIALIZED_AUTOS = YES_AGGRESSIVE;
				GCC_WARN_UNUSED_FUNCTION = YES;
				GCC_WARN_UNUSED_VARIABLE = YES;
				IPHONEOS_DEPLOYMENT_TARGET = 15.5;
				MTL_ENABLE_DEBUG_INFO = NO;
				MTL_FAST_MATH = YES;
				SDKROOT = iphoneos;
				SWIFT_COMPILATION_MODE = wholemodule;
				SWIFT_OPTIMIZATION_LEVEL = "-O";
				VALIDATE_PRODUCT = YES;
			};
			name = Release;
		};
		EC76C5F928AC8468004BE280 /* Debug */ = {
			isa = XCBuildConfiguration;
			buildSettings = {
				ASSETCATALOG_COMPILER_APPICON_NAME = AppIcon;
				ASSETCATALOG_COMPILER_GLOBAL_ACCENT_COLOR_NAME = AccentColor;
				CODE_SIGN_STYLE = Automatic;
				CURRENT_PROJECT_VERSION = 1;
				DEVELOPMENT_ASSET_PATHS = "\"Assignment_2_Card_Game/Preview Content\"";
				DEVELOPMENT_TEAM = 9NNRDY3GWS;
				ENABLE_PREVIEWS = YES;
				GENERATE_INFOPLIST_FILE = YES;
				INFOPLIST_KEY_UIApplicationSceneManifest_Generation = YES;
				INFOPLIST_KEY_UIApplicationSupportsIndirectInputEvents = YES;
				INFOPLIST_KEY_UILaunchScreen_Generation = YES;
				INFOPLIST_KEY_UISupportedInterfaceOrientations_iPad = "UIInterfaceOrientationPortrait UIInterfaceOrientationPortraitUpsideDown UIInterfaceOrientationLandscapeLeft UIInterfaceOrientationLandscapeRight";
				INFOPLIST_KEY_UISupportedInterfaceOrientations_iPhone = "UIInterfaceOrientationPortrait UIInterfaceOrientationLandscapeLeft UIInterfaceOrientationLandscapeRight";
				LD_RUNPATH_SEARCH_PATHS = (
					"$(inherited)",
					"@executable_path/Frameworks",
				);
				MARKETING_VERSION = 1.0;
				PRODUCT_BUNDLE_IDENTIFIER = "vn.rmit.edu.triet.Assignment-2-Card-Game";
				PRODUCT_NAME = "$(TARGET_NAME)";
				SWIFT_EMIT_LOC_STRINGS = YES;
				SWIFT_VERSION = 5.0;
				TARGETED_DEVICE_FAMILY = "1,2";
			};
			name = Debug;
		};
		EC76C5FA28AC8468004BE280 /* Release */ = {
			isa = XCBuildConfiguration;
			buildSettings = {
				ASSETCATALOG_COMPILER_APPICON_NAME = AppIcon;
				ASSETCATALOG_COMPILER_GLOBAL_ACCENT_COLOR_NAME = AccentColor;
				CODE_SIGN_STYLE = Automatic;
				CURRENT_PROJECT_VERSION = 1;
				DEVELOPMENT_ASSET_PATHS = "\"Assignment_2_Card_Game/Preview Content\"";
				DEVELOPMENT_TEAM = 9NNRDY3GWS;
				ENABLE_PREVIEWS = YES;
				GENERATE_INFOPLIST_FILE = YES;
				INFOPLIST_KEY_UIApplicationSceneManifest_Generation = YES;
				INFOPLIST_KEY_UIApplicationSupportsIndirectInputEvents = YES;
				INFOPLIST_KEY_UILaunchScreen_Generation = YES;
				INFOPLIST_KEY_UISupportedInterfaceOrientations_iPad = "UIInterfaceOrientationPortrait UIInterfaceOrientationPortraitUpsideDown UIInterfaceOrientationLandscapeLeft UIInterfaceOrientationLandscapeRight";
				INFOPLIST_KEY_UISupportedInterfaceOrientations_iPhone = "UIInterfaceOrientationPortrait UIInterfaceOrientationLandscapeLeft UIInterfaceOrientationLandscapeRight";
				LD_RUNPATH_SEARCH_PATHS = (
					"$(inherited)",
					"@executable_path/Frameworks",
				);
				MARKETING_VERSION = 1.0;
				PRODUCT_BUNDLE_IDENTIFIER = "vn.rmit.edu.triet.Assignment-2-Card-Game";
				PRODUCT_NAME = "$(TARGET_NAME)";
				SWIFT_EMIT_LOC_STRINGS = YES;
				SWIFT_VERSION = 5.0;
				TARGETED_DEVICE_FAMILY = "1,2";
			};
			name = Release;
		};
/* End XCBuildConfiguration section */

/* Begin XCConfigurationList section */
		EC76C5E528AC8467004BE280 /* Build configuration list for PBXProject "Assignment_2_Card_Game" */ = {
			isa = XCConfigurationList;
			buildConfigurations = (
				EC76C5F628AC8468004BE280 /* Debug */,
				EC76C5F728AC8468004BE280 /* Release */,
			);
			defaultConfigurationIsVisible = 0;
			defaultConfigurationName = Release;
		};
		EC76C5F828AC8468004BE280 /* Build configuration list for PBXNativeTarget "Assignment_2_Card_Game" */ = {
			isa = XCConfigurationList;
			buildConfigurations = (
				EC76C5F928AC8468004BE280 /* Debug */,
				EC76C5FA28AC8468004BE280 /* Release */,
			);
			defaultConfigurationIsVisible = 0;
			defaultConfigurationName = Release;
		};
/* End XCConfigurationList section */
	};
	rootObject = EC76C5E228AC8467004BE280 /* Project object */;
}
